
Microsoft Visual Studio Solution File, Format Version 12.00
# Visual Studio Version 16
VisualStudioVersion = 16.0.29911.84
MinimumVisualStudioVersion = 10.0.40219.1
Project("{FAE04EC0-301F-11D3-BF4B-00C04F79EFBC}") = "OOP1.1", "OOP1.1\OOP1.1.csproj", "{9251340B-72C3-453F-9E8A-EF27E8820457}"
EndProject
Global
	GlobalSection(SolutionConfigurationPlatforms) = preSolution
		Debug|Any CPU = Debug|Any CPU
		Release|Any CPU = Release|Any CPU
	EndGlobalSection
	GlobalSection(ProjectConfigurationPlatforms) = postSolution
		{9251340B-72C3-453F-9E8A-EF27E8820457}.Debug|Any CPU.ActiveCfg = Debug|Any CPU
		{9251340B-72C3-453F-9E8A-EF27E8820457}.Debug|Any CPU.Build.0 = Debug|Any CPU
		{9251340B-72C3-453F-9E8A-EF27E8820457}.Release|Any CPU.ActiveCfg = Release|Any CPU
		{9251340B-72C3-453F-9E8A-EF27E8820457}.Release|Any CPU.Build.0 = Release|Any CPU
	EndGlobalSection
	GlobalSection(SolutionProperties) = preSolution
		HideSolutionNode = FALSE
	EndGlobalSection
	GlobalSection(ExtensibilityGlobals) = postSolution
		SolutionGuid = {D0BC7C8C-2339-43B5-81C7-9BE11AB290D3}
	EndGlobalSection
EndGlobal
